
Microsoft Visual Studio Solution File, Format Version 12.00
Project("{FAE04EC0-301F-11D3-BF4B-00C04F79EFBC}") = "ExpressionEngine", "ExpressionEngine\ExpressionEngine.csproj", "{95AD0C25-9C6D-41EE-AB8C-195EBB00333F}"
EndProject
Global
	GlobalSection(SolutionConfigurationPlatforms) = preSolution
		Debug|Any CPU = Debug|Any CPU
		Release|Any CPU = Release|Any CPU
	EndGlobalSection
	GlobalSection(ProjectConfigurationPlatforms) = postSolution
		{95AD0C25-9C6D-41EE-AB8C-195EBB00333F}.Debug|Any CPU.ActiveCfg = Debug|Any CPU
		{95AD0C25-9C6D-41EE-AB8C-195EBB00333F}.Debug|Any CPU.Build.0 = Debug|Any CPU
		{95AD0C25-9C6D-41EE-AB8C-195EBB00333F}.Release|Any CPU.ActiveCfg = Release|Any CPU
		{95AD0C25-9C6D-41EE-AB8C-195EBB00333F}.Release|Any CPU.Build.0 = Release|Any CPU
	EndGlobalSection
EndGlobal
